
Microsoft Visual Studio Solution File, Format Version 12.00
# Visual Studio Version 16
VisualStudioVersion = 16.0.30204.135
MinimumVisualStudioVersion = 10.0.40219.1
Project("{FAE04EC0-301F-11D3-BF4B-00C04F79EFBC}") = "TruumProject", "TruumProject\TruumProject.csproj", "{5027882A-55A9-4814-9B79-DF3AD0A53272}"
EndProject
Project("{FAE04EC0-301F-11D3-BF4B-00C04F79EFBC}") = "Com.Cognizant.Truyum.Model", "Com.Cognizant.Truyum.Model\Com.Cognizant.Truyum.Model.csproj", "{A37DC7BF-5063-4174-A971-9EC66B7C04C5}"
EndProject
Project("{FAE04EC0-301F-11D3-BF4B-00C04F79EFBC}") = "Com.Cognizant.Truyum.Utility", "Com.Cognizant.Truyum.Utility\Com.Cognizant.Truyum.Utility.csproj", "{E357EB3C-D8A2-4A5B-859B-F26FF7FDD905}"
EndProject
Project("{FAE04EC0-301F-11D3-BF4B-00C04F79EFBC}") = "Com.Cognizant.Truyum.Dao", "Com.Cognizant.Truyum.Dao\Com.Cognizant.Truyum.Dao.csproj", "{24C6AE9F-1D9A-4AFF-95C7-0565E98949EC}"
EndProject
Project("{FAE04EC0-301F-11D3-BF4B-00C04F79EFBC}") = "GridViewDataBindingDemo", "GridViewDataBindingDemo\GridViewDataBindingDemo.csproj", "{2ADD3A77-90B5-49C8-920D-D49B4FBF4053}"
EndProject
Global
	GlobalSection(SolutionConfigurationPlatforms) = preSolution
		Debug|Any CPU = Debug|Any CPU
		Release|Any CPU = Release|Any CPU
	EndGlobalSection
	GlobalSection(ProjectConfigurationPlatforms) = postSolution
		{5027882A-55A9-4814-9B79-DF3AD0A53272}.Debug|Any CPU.ActiveCfg = Debug|Any CPU
		{5027882A-55A9-4814-9B79-DF3AD0A53272}.Debug|Any CPU.Build.0 = Debug|Any CPU
		{5027882A-55A9-4814-9B79-DF3AD0A53272}.Release|Any CPU.ActiveCfg = Release|Any CPU
		{5027882A-55A9-4814-9B79-DF3AD0A53272}.Release|Any CPU.Build.0 = Release|Any CPU
		{A37DC7BF-5063-4174-A971-9EC66B7C04C5}.Debug|Any CPU.ActiveCfg = Debug|Any CPU
		{A37DC7BF-5063-4174-A971-9EC66B7C04C5}.Debug|Any CPU.Build.0 = Debug|Any CPU
		{A37DC7BF-5063-4174-A971-9EC66B7C04C5}.Release|Any CPU.ActiveCfg = Release|Any CPU
		{A37DC7BF-5063-4174-A971-9EC66B7C04C5}.Release|Any CPU.Build.0 = Release|Any CPU
		{E357EB3C-D8A2-4A5B-859B-F26FF7FDD905}.Debug|Any CPU.ActiveCfg = Debug|Any CPU
		{E357EB3C-D8A2-4A5B-859B-F26FF7FDD905}.Debug|Any CPU.Build.0 = Debug|Any CPU
		{E357EB3C-D8A2-4A5B-859B-F26FF7FDD905}.Release|Any CPU.ActiveCfg = Release|Any CPU
		{E357EB3C-D8A2-4A5B-859B-F26FF7FDD905}.Release|Any CPU.Build.0 = Release|Any CPU
		{24C6AE9F-1D9A-4AFF-95C7-0565E98949EC}.Debug|Any CPU.ActiveCfg = Debug|Any CPU
		{24C6AE9F-1D9A-4AFF-95C7-0565E98949EC}.Debug|Any CPU.Build.0 = Debug|Any CPU
		{24C6AE9F-1D9A-4AFF-95C7-0565E98949EC}.Release|Any CPU.ActiveCfg = Release|Any CPU
		{24C6AE9F-1D9A-4AFF-95C7-0565E98949EC}.Release|Any CPU.Build.0 = Release|Any CPU
		{2ADD3A77-90B5-49C8-920D-D49B4FBF4053}.Debug|Any CPU.ActiveCfg = Debug|Any CPU
		{2ADD3A77-90B5-49C8-920D-D49B4FBF4053}.Debug|Any CPU.Build.0 = Debug|Any CPU
		{2ADD3A77-90B5-49C8-920D-D49B4FBF4053}.Release|Any CPU.ActiveCfg = Release|Any CPU
		{2ADD3A77-90B5-49C8-920D-D49B4FBF4053}.Release|Any CPU.Build.0 = Release|Any CPU
	EndGlobalSection
	GlobalSection(SolutionProperties) = preSolution
		HideSolutionNode = FALSE
	EndGlobalSection
	GlobalSection(ExtensibilityGlobals) = postSolution
		SolutionGuid = {FF460209-2E58-4011-B30E-E5A30890989F}
	EndGlobalSection
EndGlobal
